
Microsoft Visual Studio Solution File, Format Version 12.00
# Visual Studio Version 17
VisualStudioVersion = 17.5.002.0
MinimumVisualStudioVersion = 10.0.40219.1
Project("{9A19103F-16F7-4668-BE54-9A1E7A4F7556}") = "teste", "teste.csproj", "{6D4C01BC-07AF-4201-879C-BAABD400AAA4}"
EndProject
Global
	GlobalSection(SolutionConfigurationPlatforms) = preSolution
		Debug|Any CPU = Debug|Any CPU
		Release|Any CPU = Release|Any CPU
	EndGlobalSection
	GlobalSection(ProjectConfigurationPlatforms) = postSolution
		{6D4C01BC-07AF-4201-879C-BAABD400AAA4}.Debug|Any CPU.ActiveCfg = Debug|Any CPU
		{6D4C01BC-07AF-4201-879C-BAABD400AAA4}.Debug|Any CPU.Build.0 = Debug|Any CPU
		{6D4C01BC-07AF-4201-879C-BAABD400AAA4}.Release|Any CPU.ActiveCfg = Release|Any CPU
		{6D4C01BC-07AF-4201-879C-BAABD400AAA4}.Release|Any CPU.Build.0 = Release|Any CPU
	EndGlobalSection
	GlobalSection(SolutionProperties) = preSolution
		HideSolutionNode = FALSE
	EndGlobalSection
	GlobalSection(ExtensibilityGlobals) = postSolution
		SolutionGuid = {7C3FC054-E72D-474E-9732-D94099627677}
	EndGlobalSection
EndGlobal
